github.com/davecgh/go-spew v1.1.1 h1:vj9j/u1bqnvCEfJOwUhtlOARqs3+rkHYY13jYWTU97c=
github.com/davecgh/go-spew v1.1.1/go.mod h1:J7Y8YcW2NihsgmVo/mv3lAwl/skON4iLHjSsI+c5H38=
github.com/emersion/go-sasl v0.0.0-20241020182733-b788ff22d5a6 h1:oP4q0fw+fOSWn3DfFi4EXdT+B+gTtzx8GC9xsc26Znk=
github.com/emersion/go-sasl v0.0.0-20241020182733-b788ff22d5a6/go.mod h1:iL2twTeMvZnrg54ZoPDNfJaJaqy0xIQFuBdrLsmspwQ=
github.com/emersion/go-smtp v0.24.0 h1:g6AfoF140mvW0vLNPD/LuCBLEAdlxOjIXqbIkJIS6Wk=
github.com/emersion/go-smtp v0.24.0/go.mod h1:ZtRRkbTyp2XTHCA+BmyTFTrj8xY4I+b4McvHxCU2gsQ=
github.com/google/go-cmp v0.6.0 h1:ofyhxvXcZhMsU5ulbFiLKl/XBFqE1GSq7atu8tAmTRI=
github.com/google/go-cmp v0.6.0/go.mod h1:17dUlkBOakJ0+DkrSSNjCkIjxS6bF9zb3elmeNGIjoY=
github.com/pkg/errors v0.9.1 h1:FEBLx1zS214owpjy7qsBeixbURkuhQAwrK5UwLGTwt4=
github.com/pkg/errors v0.9.1/go.mod h1:bwawxfHBFNV+L2hUp1rHADufV3IMtnDRdf1r5NINEl0=
github.com/pmezard/go-difflib v1.0.0 h1:4DBwDE0NGyQoBHbLQYPwSUPoCMWR5BEzIk/f1lZbAQM=
github.com/pmezard/go-difflib v1.0.0/go.mod h1:iKH77koFhYxTK1pcRnkKkqfTogsbg7gZNVY4sRDYZ/4=
github.com/stretchr/testify v1.9.0 h1:HtqpIVDClZ4nwg75+f6Lvsy/wHu+3BoSGCbBAcpTsTg=
github.com/stretchr/testify v1.9.0/go.mod h1:r2ic/lqez/lEtzL7wO/rwa5dbSLXVDPFyf8C91i36aY=
gitlab.com/tozd/go/errors v0.10.0 h1:A98kL+gaDvWnY6ZB/u8zP+sYaWsWUGBHeFMtamvW/74=
gitlab.com/tozd/go/errors v0.10.0/go.mod h1:q3Ugr0C8dCzMEkrzjjlV2qNsm9e0KvqBjwcbcjCpBe4=
gopkg.in/yaml.v3 v3.0.1 h1:fxVm/GzAzEWqLHuvctI91KS9hhNmmWOoWu0XTYJS7CA=
gopkg.in/yaml.v3 v3.0.1/go.mod h1:K4uyk7z7BCEPqu6E+C64Yfv1cQ7kz7rIZviUmN+EgEM=
